<?xml version="1.0" encoding="utf-8"?>
<Project ToolsVersion="4.0" xmlns="http://schemas.microsoft.com/developer/msbuild/2003">
  <ItemGroup>
    <ClCompile Include="..\Source\Axis.cpp" />
    <ClCompile Include="..\Source\ModelController.cpp" />
    <ClCompile Include="..\Source\ViewController.cpp" />
    <ClCompile Include="..\Source\Model.cpp" />
    <ClCompile Include="..\Source\programmingAssignment.cpp" />
    <ClCompile Include="..\Source\ModelUtilities.cpp" />
    <ClCompile Include="..\Source\HauModel.cpp" />
    <ClCompile Include="..\Source\RoyModel.cpp" />
    <ClCompile Include="..\Source\TaqiModel.cpp" />
    <ClCompile Include="..\Source\SwetangModel.cpp" />
    <ClCompile Include="..\Source\WilliamModel.cpp" />
    <ClCompile Include="..\Source\Sphere.cpp" />
  </ItemGroup>
  <ItemGroup>
    <ClInclude Include="..\Source\Axis.h" />
    <ClInclude Include="..\Source\ModelController.h" />
    <ClInclude Include="..\Source\Structs.h" />
    <ClInclude Include="..\Source\ViewController.h" />
    <ClInclude Include="..\Source\Model.h" />
    <ClInclude Include="..\Source\ModelUtilities.h" />
    <ClInclude Include="..\Source\HauModel.h" />
    <ClInclude Include="..\Source\RoyModel.h" />
    <ClInclude Include="..\Source\stb_image.h" />
    <ClInclude Include="..\Source\SwetangModel.h" />
    <ClInclude Include="..\Source\TaqiModel.h" />
    <ClInclude Include="..\Source\WilliamModel.h" />
    <ClInclude Include="..\Source\Sphere.h" />
  </ItemGroup>
  <ItemGroup>
    <Image Include="..\Assets\Textures\BillboardTest.bmp" />
    <Image Include="..\Assets\Textures\Particle.png" />
  </ItemGroup>
  <ItemGroup>
    <None Include="..\Assets\Scenes\AnimatedScene.scene" />
    <None Include="..\Assets\Scenes\AnimatedSceneWithParticles.scene" />
    <None Include="..\Assets\Scenes\CoordinateSystem.scene" />
    <None Include="..\Assets\Scenes\StaticScene.scene" />
    <None Include="..\Assets\Shaders\BlueColor.fragmentshader" />
    <None Include="..\Assets\Shaders\PathLines.fragmentshader" />
    <None Include="..\Assets\Shaders\PathLines.vertexshader" />
    <None Include="..\Assets\Shaders\SolidColor.fragmentshader" />
    <None Include="..\Assets\Shaders\SolidColor.vertexshader" />
    <None Include="..\Assets\Shaders\Texture.fragmentshader" />
    <None Include="..\Assets\Shaders\Texture.vertexshader" />
  </ItemGroup>
</Project>